
Microsoft Visual Studio Solution File, Format Version 12.00
# Visual Studio Version 17
VisualStudioVersion = 17.10.35013.160
MinimumVisualStudioVersion = 10.0.40219.1
Project("{FAE04EC0-301F-11D3-BF4B-00C04F79EFBC}") = "EduTechRepositoryProject", "EduTechRepositoryProject\EduTechRepositoryProject.csproj", "{3B735B7A-71E6-43B1-AE30-4296876C6492}"
EndProject
Global
	GlobalSection(SolutionConfigurationPlatforms) = preSolution
		Debug|Any CPU = Debug|Any CPU
		Release|Any CPU = Release|Any CPU
	EndGlobalSection
	GlobalSection(ProjectConfigurationPlatforms) = postSolution
		{3B735B7A-71E6-43B1-AE30-4296876C6492}.Debug|Any CPU.ActiveCfg = Debug|Any CPU
		{3B735B7A-71E6-43B1-AE30-4296876C6492}.Debug|Any CPU.Build.0 = Debug|Any CPU
		{3B735B7A-71E6-43B1-AE30-4296876C6492}.Release|Any CPU.ActiveCfg = Release|Any CPU
		{3B735B7A-71E6-43B1-AE30-4296876C6492}.Release|Any CPU.Build.0 = Release|Any CPU
	EndGlobalSection
	GlobalSection(SolutionProperties) = preSolution
		HideSolutionNode = FALSE
	EndGlobalSection
	GlobalSection(ExtensibilityGlobals) = postSolution
		SolutionGuid = {E3F71186-125B-44CA-B187-380BA46EF469}
	EndGlobalSection
EndGlobal
